
Microsoft Visual Studio Solution File, Format Version 12.00
# Visual Studio 14
VisualStudioVersion = 14.0.23107.0
MinimumVisualStudioVersion = 10.0.40219.1
Project("{2150E333-8FDC-42A3-9474-1A3956D46DE8}") = "src", "src", "{17FCD1F6-715D-4DBF-95EC-4F38519AA73E}"
EndProject
Project("{2150E333-8FDC-42A3-9474-1A3956D46DE8}") = "Solution Items", "Solution Items", "{EBE3B639-6D9E-424E-8F6B-E66C9255D914}"
	ProjectSection(SolutionItems) = preProject
		global.json = global.json
	EndProjectSection
EndProject
Project("{8BB2217D-0F2D-49D1-97BC-3654ED321F3B}") = "AspNet5Primer.WebApp", "src\AspNet5Primer.WebApp\AspNet5Primer.WebApp.xproj", "{1D2E1EA7-0A0A-4E1C-91F9-CDA80E25C99B}"
EndProject
Project("{8BB2217D-0F2D-49D1-97BC-3654ED321F3B}") = "AspNet5Primer.Echo", "src\AspNet5Primer.Echo\AspNet5Primer.Echo.xproj", "{888EF1C2-042E-4717-B024-A3684E773DD5}"
EndProject
Global
	GlobalSection(SolutionConfigurationPlatforms) = preSolution
		Debug|Any CPU = Debug|Any CPU
		Release|Any CPU = Release|Any CPU
	EndGlobalSection
	GlobalSection(ProjectConfigurationPlatforms) = postSolution
		{1D2E1EA7-0A0A-4E1C-91F9-CDA80E25C99B}.Debug|Any CPU.ActiveCfg = Debug|Any CPU
		{1D2E1EA7-0A0A-4E1C-91F9-CDA80E25C99B}.Debug|Any CPU.Build.0 = Debug|Any CPU
		{1D2E1EA7-0A0A-4E1C-91F9-CDA80E25C99B}.Release|Any CPU.ActiveCfg = Release|Any CPU
		{1D2E1EA7-0A0A-4E1C-91F9-CDA80E25C99B}.Release|Any CPU.Build.0 = Release|Any CPU
		{888EF1C2-042E-4717-B024-A3684E773DD5}.Debug|Any CPU.ActiveCfg = Debug|Any CPU
		{888EF1C2-042E-4717-B024-A3684E773DD5}.Debug|Any CPU.Build.0 = Debug|Any CPU
		{888EF1C2-042E-4717-B024-A3684E773DD5}.Release|Any CPU.ActiveCfg = Release|Any CPU
		{888EF1C2-042E-4717-B024-A3684E773DD5}.Release|Any CPU.Build.0 = Release|Any CPU
	EndGlobalSection
	GlobalSection(SolutionProperties) = preSolution
		HideSolutionNode = FALSE
	EndGlobalSection
	GlobalSection(NestedProjects) = preSolution
		{1D2E1EA7-0A0A-4E1C-91F9-CDA80E25C99B} = {17FCD1F6-715D-4DBF-95EC-4F38519AA73E}
		{888EF1C2-042E-4717-B024-A3684E773DD5} = {17FCD1F6-715D-4DBF-95EC-4F38519AA73E}
	EndGlobalSection
EndGlobal
